
Microsoft Visual Studio Solution File, Format Version 12.00
# Visual Studio Version 17
VisualStudioVersion = 17.11.35312.102
MinimumVisualStudioVersion = 10.0.40219.1
Project("{FAE04EC0-301F-11D3-BF4B-00C04F79EFBC}") = "HangiKredi.API", "HangiKredi.API.csproj", "{13B6C215-042E-48B6-946D-C13F65F4E7E7}"
EndProject
Project("{FAE04EC0-301F-11D3-BF4B-00C04F79EFBC}") = "HangiKredi.Gateway", "..\HangiKredi.Gateway\HangiKredi.Gateway.csproj", "{F8259708-0119-4AB6-BDB9-4D7FADB36F63}"
EndProject
Project("{FAE04EC0-301F-11D3-BF4B-00C04F79EFBC}") = "HangiKredi.Consumer", "..\HangiKredi.Consumer\HangiKredi.Consumer.csproj", "{75CA2A31-59F4-41EA-8525-AC2AE1ED38E0}"
EndProject
Global
	GlobalSection(SolutionConfigurationPlatforms) = preSolution
		Debug|Any CPU = Debug|Any CPU
		Release|Any CPU = Release|Any CPU
	EndGlobalSection
	GlobalSection(ProjectConfigurationPlatforms) = postSolution
		{13B6C215-042E-48B6-946D-C13F65F4E7E7}.Debug|Any CPU.ActiveCfg = Debug|Any CPU
		{13B6C215-042E-48B6-946D-C13F65F4E7E7}.Debug|Any CPU.Build.0 = Debug|Any CPU
		{13B6C215-042E-48B6-946D-C13F65F4E7E7}.Release|Any CPU.ActiveCfg = Release|Any CPU
		{13B6C215-042E-48B6-946D-C13F65F4E7E7}.Release|Any CPU.Build.0 = Release|Any CPU
		{F8259708-0119-4AB6-BDB9-4D7FADB36F63}.Debug|Any CPU.ActiveCfg = Debug|Any CPU
		{F8259708-0119-4AB6-BDB9-4D7FADB36F63}.Debug|Any CPU.Build.0 = Debug|Any CPU
		{F8259708-0119-4AB6-BDB9-4D7FADB36F63}.Release|Any CPU.ActiveCfg = Release|Any CPU
		{F8259708-0119-4AB6-BDB9-4D7FADB36F63}.Release|Any CPU.Build.0 = Release|Any CPU
		{75CA2A31-59F4-41EA-8525-AC2AE1ED38E0}.Debug|Any CPU.ActiveCfg = Debug|Any CPU
		{75CA2A31-59F4-41EA-8525-AC2AE1ED38E0}.Debug|Any CPU.Build.0 = Debug|Any CPU
		{75CA2A31-59F4-41EA-8525-AC2AE1ED38E0}.Release|Any CPU.ActiveCfg = Release|Any CPU
		{75CA2A31-59F4-41EA-8525-AC2AE1ED38E0}.Release|Any CPU.Build.0 = Release|Any CPU
	EndGlobalSection
	GlobalSection(SolutionProperties) = preSolution
		HideSolutionNode = FALSE
	EndGlobalSection
	GlobalSection(ExtensibilityGlobals) = postSolution
		SolutionGuid = {D22BB068-0447-4DEE-93A0-5D2A5656A9BF}
	EndGlobalSection
EndGlobal
